// !$*UTF8*$!
{
	archiveVersion = 1;
	classes = {
	};
	objectVersion = 48;
	objects = {

/* Begin PBXBuildFile section */
		A7F5F9B420608CD400F2CF0A /* AppDelegate.swift in Sources */ = {isa = PBXBuildFile; fileRef = A7F5F9B320608CD400F2CF0A /* AppDelegate.swift */; };
		A7F5F9B920608CD400F2CF0A /* Main.storyboard in Resources */ = {isa = PBXBuildFile; fileRef = A7F5F9B720608CD400F2CF0A /* Main.storyboard */; };
		A7F5F9BB20608CD400F2CF0A /* Assets.xcassets in Resources */ = {isa = PBXBuildFile; fileRef = A7F5F9BA20608CD400F2CF0A /* Assets.xcassets */; };
		A7F5F9BE20608CD400F2CF0A /* LaunchScreen.storyboard in Resources */ = {isa = PBXBuildFile; fileRef = A7F5F9BC20608CD400F2CF0A /* LaunchScreen.storyboard */; };
		A7F5F9C920608CD500F2CF0A /* PhotoramaTests.swift in Sources */ = {isa = PBXBuildFile; fileRef = A7F5F9C820608CD500F2CF0A /* PhotoramaTests.swift */; };
		A7F5F9D420608CD500F2CF0A /* PhotoramaUITests.swift in Sources */ = {isa = PBXBuildFile; fileRef = A7F5F9D320608CD500F2CF0A /* PhotoramaUITests.swift */; };
		A7F5F9E220608D5100F2CF0A /* PhotosViewController.swift in Sources */ = {isa = PBXBuildFile; fileRef = A7F5F9E120608D5100F2CF0A /* PhotosViewController.swift */; };
		A7F5F9E42060901300F2CF0A /* FlickrAPI.swift in Sources */ = {isa = PBXBuildFile; fileRef = A7F5F9E32060901300F2CF0A /* FlickrAPI.swift */; };
		A7F5F9E62060905500F2CF0A /* Photo.swift in Sources */ = {isa = PBXBuildFile; fileRef = A7F5F9E52060905500F2CF0A /* Photo.swift */; };
		A7F5F9E82060908C00F2CF0A /* PhotoCollectionViewCell.swift in Sources */ = {isa = PBXBuildFile; fileRef = A7F5F9E72060908C00F2CF0A /* PhotoCollectionViewCell.swift */; };
		A7F5F9EA206090C000F2CF0A /* PhotoDataSource.swift in Sources */ = {isa = PBXBuildFile; fileRef = A7F5F9E9206090C000F2CF0A /* PhotoDataSource.swift */; };
		A7F5F9EC206090DF00F2CF0A /* PhotoStore.swift in Sources */ = {isa = PBXBuildFile; fileRef = A7F5F9EB206090DF00F2CF0A /* PhotoStore.swift */; };
/* End PBXBuildFile section */

/* Begin PBXContainerItemProxy section */
		A7F5F9C520608CD500F2CF0A /* PBXContainerItemProxy */ = {
			isa = PBXContainerItemProxy;
			containerPortal = A7F5F9A820608CD400F2CF0A /* Project object */;
			proxyType = 1;
			remoteGlobalIDString = A7F5F9AF20608CD400F2CF0A;
			remoteInfo = Photorama;
		};
		A7F5F9D020608CD500F2CF0A /* PBXContainerItemProxy */ = {
			isa = PBXContainerItemProxy;
			containerPortal = A7F5F9A820608CD400F2CF0A /* Project object */;
			proxyType = 1;
			remoteGlobalIDString = A7F5F9AF20608CD400F2CF0A;
			remoteInfo = Photorama;
		};
/* End PBXContainerItemProxy section */

/* Begin PBXFileReference section */
		A7F5F9B020608CD400F2CF0A /* Photorama.app */ = {isa = PBXFileReference; explicitFileType = wrapper.application; includeInIndex = 0; path = Photorama.app; sourceTree = BUILT_PRODUCTS_DIR; };
		A7F5F9B320608CD400F2CF0A /* AppDelegate.swift */ = {isa = PBXFileReference; lastKnownFileType = sourcecode.swift; path = AppDelegate.swift; sourceTree = "<group>"; };
		A7F5F9B820608CD400F2CF0A /* Base */ = {isa = PBXFileReference; lastKnownFileType = file.storyboard; name = Base; path = Base.lproj/Main.storyboard; sourceTree = "<group>"; };
		A7F5F9BA20608CD400F2CF0A /* Assets.xcassets */ = {isa = PBXFileReference; lastKnownFileType = folder.assetcatalog; path = Assets.xcassets; sourceTree = "<group>"; };
		A7F5F9BD20608CD400F2CF0A /* Base */ = {isa = PBXFileReference; lastKnownFileType = file.storyboard; name = Base; path = Base.lproj/LaunchScreen.storyboard; sourceTree = "<group>"; };
		A7F5F9BF20608CD400F2CF0A /* Info.plist */ = {isa = PBXFileReference; lastKnownFileType = text.plist.xml; path = Info.plist; sourceTree = "<group>"; };
		A7F5F9C420608CD500F2CF0A /* PhotoramaTests.xctest */ = {isa = PBXFileReference; explicitFileType = wrapper.cfbundle; includeInIndex = 0; path = PhotoramaTests.xctest; sourceTree = BUILT_PRODUCTS_DIR; };
		A7F5F9C820608CD500F2CF0A /* PhotoramaTests.swift */ = {isa = PBXFileReference; lastKnownFileType = sourcecode.swift; path = PhotoramaTests.swift; sourceTree = "<group>"; };
		A7F5F9CA20608CD500F2CF0A /* Info.plist */ = {isa = PBXFileReference; lastKnownFileType = text.plist.xml; path = Info.plist; sourceTree = "<group>"; };
		A7F5F9CF20608CD500F2CF0A /* PhotoramaUITests.xctest */ = {isa = PBXFileReference; explicitFileType = wrapper.cfbundle; includeInIndex = 0; path = PhotoramaUITests.xctest; sourceTree = BUILT_PRODUCTS_DIR; };
		A7F5F9D320608CD500F2CF0A /* PhotoramaUITests.swift */ = {isa = PBXFileReference; lastKnownFileType = sourcecode.swift; path = PhotoramaUITests.swift; sourceTree = "<group>"; };
		A7F5F9D520608CD500F2CF0A /* Info.plist */ = {isa = PBXFileReference; lastKnownFileType = text.plist.xml; path = Info.plist; sourceTree = "<group>"; };
		A7F5F9E120608D5100F2CF0A /* PhotosViewController.swift */ = {isa = PBXFileReference; lastKnownFileType = sourcecode.swift; path = PhotosViewController.swift; sourceTree = "<group>"; };
		A7F5F9E32060901300F2CF0A /* FlickrAPI.swift */ = {isa = PBXFileReference; lastKnownFileType = sourcecode.swift; path = FlickrAPI.swift; sourceTree = "<group>"; };
		A7F5F9E52060905500F2CF0A /* Photo.swift */ = {isa = PBXFileReference; lastKnownFileType = sourcecode.swift; path = Photo.swift; sourceTree = "<group>"; };
		A7F5F9E72060908C00F2CF0A /* PhotoCollectionViewCell.swift */ = {isa = PBXFileReference; lastKnownFileType = sourcecode.swift; path = PhotoCollectionViewCell.swift; sourceTree = "<group>"; };
		A7F5F9E9206090C000F2CF0A /* PhotoDataSource.swift */ = {isa = PBXFileReference; lastKnownFileType = sourcecode.swift; path = PhotoDataSource.swift; sourceTree = "<group>"; };
		A7F5F9EB206090DF00F2CF0A /* PhotoStore.swift */ = {isa = PBXFileReference; lastKnownFileType = sourcecode.swift; path = PhotoStore.swift; sourceTree = "<group>"; };
/* End PBXFileReference section */

/* Begin PBXFrameworksBuildPhase section */
		A7F5F9AD20608CD400F2CF0A /* Frameworks */ = {
			isa = PBXFrameworksBuildPhase;
			buildActionMask = 2147483647;
			files = (
			);
			runOnlyForDeploymentPostprocessing = 0;
		};
		A7F5F9C120608CD500F2CF0A /* Frameworks */ = {
			isa = PBXFrameworksBuildPhase;
			buildActionMask = 2147483647;
			files = (
			);
			runOnlyForDeploymentPostprocessing = 0;
		};
		A7F5F9CC20608CD500F2CF0A /* Frameworks */ = {
			isa = PBXFrameworksBuildPhase;
			buildActionMask = 2147483647;
			files = (
			);
			runOnlyForDeploymentPostprocessing = 0;
		};
/* End PBXFrameworksBuildPhase section */

/* Begin PBXGroup section */
		A7F5F9A720608CD400F2CF0A = {
			isa = PBXGroup;
			children = (
				A7F5F9B220608CD400F2CF0A /* Photorama */,
				A7F5F9C720608CD500F2CF0A /* PhotoramaTests */,
				A7F5F9D220608CD500F2CF0A /* PhotoramaUITests */,
				A7F5F9B120608CD400F2CF0A /* Products */,
			);
			sourceTree = "<group>";
		};
		A7F5F9B120608CD400F2CF0A /* Products */ = {
			isa = PBXGroup;
			children = (
				A7F5F9B020608CD400F2CF0A /* Photorama.app */,
				A7F5F9C420608CD500F2CF0A /* PhotoramaTests.xctest */,
				A7F5F9CF20608CD500F2CF0A /* PhotoramaUITests.xctest */,
			);
			name = Products;
			sourceTree = "<group>";
		};
		A7F5F9B220608CD400F2CF0A /* Photorama */ = {
			isa = PBXGroup;
			children = (
				A7F5F9B320608CD400F2CF0A /* AppDelegate.swift */,
				A7F5F9B720608CD400F2CF0A /* Main.storyboard */,
				A7F5F9BA20608CD400F2CF0A /* Assets.xcassets */,
				A7F5F9BC20608CD400F2CF0A /* LaunchScreen.storyboard */,
				A7F5F9BF20608CD400F2CF0A /* Info.plist */,
				A7F5F9E120608D5100F2CF0A /* PhotosViewController.swift */,
				A7F5F9E32060901300F2CF0A /* FlickrAPI.swift */,
				A7F5F9E52060905500F2CF0A /* Photo.swift */,
				A7F5F9E72060908C00F2CF0A /* PhotoCollectionViewCell.swift */,
				A7F5F9E9206090C000F2CF0A /* PhotoDataSource.swift */,
				A7F5F9EB206090DF00F2CF0A /* PhotoStore.swift */,
			);
			path = Photorama;
			sourceTree = "<group>";
		};
		A7F5F9C720608CD500F2CF0A /* PhotoramaTests */ = {
			isa = PBXGroup;
			children = (
				A7F5F9C820608CD500F2CF0A /* PhotoramaTests.swift */,
				A7F5F9CA20608CD500F2CF0A /* Info.plist */,
			);
			path = PhotoramaTests;
			sourceTree = "<group>";
		};
		A7F5F9D220608CD500F2CF0A /* PhotoramaUITests */ = {
			isa = PBXGroup;
			children = (
				A7F5F9D320608CD500F2CF0A /* PhotoramaUITests.swift */,
				A7F5F9D520608CD500F2CF0A /* Info.plist */,
			);
			path = PhotoramaUITests;
			sourceTree = "<group>";
		};
/* End PBXGroup section */

/* Begin PBXNativeTarget section */
		A7F5F9AF20608CD400F2CF0A /* Photorama */ = {
			isa = PBXNativeTarget;
			buildConfigurationList = A7F5F9D820608CD500F2CF0A /* Build configuration list for PBXNativeTarget "Photorama" */;
			buildPhases = (
				A7F5F9AC20608CD400F2CF0A /* Sources */,
				A7F5F9AD20608CD400F2CF0A /* Frameworks */,
				A7F5F9AE20608CD400F2CF0A /* Resources */,
			);
			buildRules = (
			);
			dependencies = (
			);
			name = Photorama;
			productName = Photorama;
			productReference = A7F5F9B020608CD400F2CF0A /* Photorama.app */;
			productType = "com.apple.product-type.application";
		};
		A7F5F9C320608CD500F2CF0A /* PhotoramaTests */ = {
			isa = PBXNativeTarget;
			buildConfigurationList = A7F5F9DB20608CD500F2CF0A /* Build configuration list for PBXNativeTarget "PhotoramaTests" */;
			buildPhases = (
				A7F5F9C020608CD500F2CF0A /* Sources */,
				A7F5F9C120608CD500F2CF0A /* Frameworks */,
				A7F5F9C220608CD500F2CF0A /* Resources */,
			);
			buildRules = (
			);
			dependencies = (
				A7F5F9C620608CD500F2CF0A /* PBXTargetDependency */,
			);
			name = PhotoramaTests;
			productName = PhotoramaTests;
			productReference = A7F5F9C420608CD500F2CF0A /* PhotoramaTests.xctest */;
			productType = "com.apple.product-type.bundle.unit-test";
		};
		A7F5F9CE20608CD500F2CF0A /* PhotoramaUITests */ = {
			isa = PBXNativeTarget;
			buildConfigurationList = A7F5F9DE20608CD500F2CF0A /* Build configuration list for PBXNativeTarget "PhotoramaUITests" */;
			buildPhases = (
				A7F5F9CB20608CD500F2CF0A /* Sources */,
				A7F5F9CC20608CD500F2CF0A /* Frameworks */,
				A7F5F9CD20608CD500F2CF0A /* Resources */,
			);
			buildRules = (
			);
			dependencies = (
				A7F5F9D120608CD500F2CF0A /* PBXTargetDependency */,
			);
			name = PhotoramaUITests;
			productName = PhotoramaUITests;
			productReference = A7F5F9CF20608CD500F2CF0A /* PhotoramaUITests.xctest */;
			productType = "com.apple.product-type.bundle.ui-testing";
		};
/* End PBXNativeTarget section */

/* Begin PBXProject section */
		A7F5F9A820608CD400F2CF0A /* Project object */ = {
			isa = PBXProject;
			attributes = {
				LastSwiftUpdateCheck = 0920;
				LastUpgradeCheck = 0920;
				ORGANIZATIONNAME = "Centennial College";
				TargetAttributes = {
					A7F5F9AF20608CD400F2CF0A = {
						CreatedOnToolsVersion = 9.2;
						ProvisioningStyle = Automatic;
					};
					A7F5F9C320608CD500F2CF0A = {
						CreatedOnToolsVersion = 9.2;
						ProvisioningStyle = Automatic;
						TestTargetID = A7F5F9AF20608CD400F2CF0A;
					};
					A7F5F9CE20608CD500F2CF0A = {
						CreatedOnToolsVersion = 9.2;
						ProvisioningStyle = Automatic;
						TestTargetID = A7F5F9AF20608CD400F2CF0A;
					};
				};
			};
			buildConfigurationList = A7F5F9AB20608CD400F2CF0A /* Build configuration list for PBXProject "Photorama" */;
			compatibilityVersion = "Xcode 8.0";
			developmentRegion = en;
			hasScannedForEncodings = 0;
			knownRegions = (
				en,
				Base,
			);
			mainGroup = A7F5F9A720608CD400F2CF0A;
			productRefGroup = A7F5F9B120608CD400F2CF0A /* Products */;
			projectDirPath = "";
			projectRoot = "";
			targets = (
				A7F5F9AF20608CD400F2CF0A /* Photorama */,
				A7F5F9C320608CD500F2CF0A /* PhotoramaTests */,
				A7F5F9CE20608CD500F2CF0A /* PhotoramaUITests */,
			);
		};
/* End PBXProject section */

/* Begin PBXResourcesBuildPhase section */
		A7F5F9AE20608CD400F2CF0A /* Resources */ = {
			isa = PBXResourcesBuildPhase;
			buildActionMask = 2147483647;
			files = (
				A7F5F9BE20608CD400F2CF0A /* LaunchScreen.storyboard in Resources */,
				A7F5F9BB20608CD400F2CF0A /* Assets.xcassets in Resources */,
				A7F5F9B920608CD400F2CF0A /* Main.storyboard in Resources */,
			);
			runOnlyForDeploymentPostprocessing = 0;
		};
		A7F5F9C220608CD500F2CF0A /* Resources */ = {
			isa = PBXResourcesBuildPhase;
			buildActionMask = 2147483647;
			files = (
			);
			runOnlyForDeploymentPostprocessing = 0;
		};
		A7F5F9CD20608CD500F2CF0A /* Resources */ = {
			isa = PBXResourcesBuildPhase;
			buildActionMask = 2147483647;
			files = (
			);
			runOnlyForDeploymentPostprocessing = 0;
		};
/* End PBXResourcesBuildPhase section */

/* Begin PBXSourcesBuildPhase section */
		A7F5F9AC20608CD400F2CF0A /* Sources */ = {
			isa = PBXSourcesBuildPhase;
			buildActionMask = 2147483647;
			files = (
				A7F5F9E62060905500F2CF0A /* Photo.swift in Sources */,
				A7F5F9E82060908C00F2CF0A /* PhotoCollectionViewCell.swift in Sources */,
				A7F5F9E42060901300F2CF0A /* FlickrAPI.swift in Sources */,
				A7F5F9EC206090DF00F2CF0A /* PhotoStore.swift in Sources */,
				A7F5F9EA206090C000F2CF0A /* PhotoDataSource.swift in Sources */,
				A7F5F9E220608D5100F2CF0A /* PhotosViewController.swift in Sources */,
				A7F5F9B420608CD400F2CF0A /* AppDelegate.swift in Sources */,
			);
			runOnlyForDeploymentPostprocessing = 0;
		};
		A7F5F9C020608CD500F2CF0A /* Sources */ = {
			isa = PBXSourcesBuildPhase;
			buildActionMask = 2147483647;
			files = (
				A7F5F9C920608CD500F2CF0A /* PhotoramaTests.swift in Sources */,
			);
			runOnlyForDeploymentPostprocessing = 0;
		};
		A7F5F9CB20608CD500F2CF0A /* Sources */ = {
			isa = PBXSourcesBuildPhase;
			buildActionMask = 2147483647;
			files = (
				A7F5F9D420608CD500F2CF0A /* PhotoramaUITests.swift in Sources */,
			);
			runOnlyForDeploymentPostprocessing = 0;
		};
/* End PBXSourcesBuildPhase section */

/* Begin PBXTargetDependency section */
		A7F5F9C620608CD500F2CF0A /* PBXTargetDependency */ = {
			isa = PBXTargetDependency;
			target = A7F5F9AF20608CD400F2CF0A /* Photorama */;
			targetProxy = A7F5F9C520608CD500F2CF0A /* PBXContainerItemProxy */;
		};
		A7F5F9D120608CD500F2CF0A /* PBXTargetDependency */ = {
			isa = PBXTargetDependency;
			target = A7F5F9AF20608CD400F2CF0A /* Photorama */;
			targetProxy = A7F5F9D020608CD500F2CF0A /* PBXContainerItemProxy */;
		};
/* End PBXTargetDependency section */

/* Begin PBXVariantGroup section */
		A7F5F9B720608CD400F2CF0A /* Main.storyboard */ = {
			isa = PBXVariantGroup;
			children = (
				A7F5F9B820608CD400F2CF0A /* Base */,
			);
			name = Main.storyboard;
			sourceTree = "<group>";
		};
		A7F5F9BC20608CD400F2CF0A /* LaunchScreen.storyboard */ = {
			isa = PBXVariantGroup;
			children = (
				A7F5F9BD20608CD400F2CF0A /* Base */,
			);
			name = LaunchScreen.storyboard;
			sourceTree = "<group>";
		};
/* End PBXVariantGroup section */

/* Begin XCBuildConfiguration section */
		A7F5F9D620608CD500F2CF0A /* Debug */ = {
			isa = XCBuildConfiguration;
			buildSettings = {
				ALWAYS_SEARCH_USER_PATHS = NO;
				CLANG_ANALYZER_NONNULL = YES;
				CLANG_ANALYZER_NUMBER_OBJECT_CONVERSION = YES_AGGRESSIVE;
				CLANG_CXX_LANGUAGE_STANDARD = "gnu++14";
				CLANG_CXX_LIBRARY = "libc++";
				CLANG_ENABLE_MODULES = YES;
				CLANG_ENABLE_OBJC_ARC = YES;
				CLANG_WARN_BLOCK_CAPTURE_AUTORELEASING = YES;
				CLANG_WARN_BOOL_CONVERSION = YES;
				CLANG_WARN_COMMA = YES;
				CLANG_WARN_CONSTANT_CONVERSION = YES;
				CLANG_WARN_DIRECT_OBJC_ISA_USAGE = YES_ERROR;
				CLANG_WARN_DOCUMENTATION_COMMENTS = YES;
				CLANG_WARN_EMPTY_BODY = YES;
				CLANG_WARN_ENUM_CONVERSION = YES;
				CLANG_WARN_INFINITE_RECURSION = YES;
				CLANG_WARN_INT_CONVERSION = YES;
				CLANG_WARN_NON_LITERAL_NULL_CONVERSION = YES;
				CLANG_WARN_OBJC_LITERAL_CONVERSION = YES;
				CLANG_WARN_OBJC_ROOT_CLASS = YES_ERROR;
				CLANG_WARN_RANGE_LOOP_ANALYSIS = YES;
				CLANG_WARN_STRICT_PROTOTYPES = YES;
				CLANG_WARN_SUSPICIOUS_MOVE = YES;
				CLANG_WARN_UNGUARDED_AVAILABILITY = YES_AGGRESSIVE;
				CLANG_WARN_UNREACHABLE_CODE = YES;
				CLANG_WARN__DUPLICATE_METHOD_MATCH = YES;
				CODE_SIGN_IDENTITY = "iPhone Developer";
				COPY_PHASE_STRIP = NO;
				DEBUG_INFORMATION_FORMAT = dwarf;
				ENABLE_STRICT_OBJC_MSGSEND = YES;
				ENABLE_TESTABILITY = YES;
				GCC_C_LANGUAGE_STANDARD = gnu11;
				GCC_DYNAMIC_NO_PIC = NO;
				GCC_NO_COMMON_BLOCKS = YES;
				GCC_OPTIMIZATION_LEVEL = 0;
				GCC_PREPROCESSOR_DEFINITIONS = (
					"DEBUG=1",
					"$(inherited)",
				);
				GCC_WARN_64_TO_32_BIT_CONVERSION = YES;
				GCC_WARN_ABOUT_RETURN_TYPE = YES_ERROR;
				GCC_WARN_UNDECLARED_SELECTOR = YES;
				GCC_WARN_UNINITIALIZED_AUTOS = YES_AGGRESSIVE;
				GCC_WARN_UNUSED_FUNCTION = YES;
				GCC_WARN_UNUSED_VARIABLE = YES;
				IPHONEOS_DEPLOYMENT_TARGET = 11.2;
				MTL_ENABLE_DEBUG_INFO = YES;
				ONLY_ACTIVE_ARCH = YES;
				SDKROOT = iphoneos;
				SWIFT_ACTIVE_COMPILATION_CONDITIONS = DEBUG;
				SWIFT_OPTIMIZATION_LEVEL = "-Onone";
			};
			name = Debug;
		};
		A7F5F9D720608CD500F2CF0A /* Release */ = {
			isa = XCBuildConfiguration;
			buildSettings = {
				ALWAYS_SEARCH_USER_PATHS = NO;
				CLANG_ANALYZER_NONNULL = YES;
				CLANG_ANALYZER_NUMBER_OBJECT_CONVERSION = YES_AGGRESSIVE;
				CLANG_CXX_LANGUAGE_STANDARD = "gnu++14";
				CLANG_CXX_LIBRARY = "libc++";
				CLANG_ENABLE_MODULES = YES;
				CLANG_ENABLE_OBJC_ARC = YES;
				CLANG_WARN_BLOCK_CAPTURE_AUTORELEASING = YES;
				CLANG_WARN_BOOL_CONVERSION = YES;
				CLANG_WARN_COMMA = YES;
				CLANG_WARN_CONSTANT_CONVERSION = YES;
				CLANG_WARN_DIRECT_OBJC_ISA_USAGE = YES_ERROR;
				CLANG_WARN_DOCUMENTATION_COMMENTS = YES;
				CLANG_WARN_EMPTY_BODY = YES;
				CLANG_WARN_ENUM_CONVERSION = YES;
				CLANG_WARN_INFINITE_RECURSION = YES;
				CLANG_WARN_INT_CONVERSION = YES;
				CLANG_WARN_NON_LITERAL_NULL_CONVERSION = YES;
				CLANG_WARN_OBJC_LITERAL_CONVERSION = YES;
				CLANG_WARN_OBJC_ROOT_CLASS = YES_ERROR;
				CLANG_WARN_RANGE_LOOP_ANALYSIS = YES;
				CLANG_WARN_STRICT_PROTOTYPES = YES;
				CLANG_WARN_SUSPICIOUS_MOVE = YES;
				CLANG_WARN_UNGUARDED_AVAILABILITY = YES_AGGRESSIVE;
				CLANG_WARN_UNREACHABLE_CODE = YES;
				CLANG_WARN__DUPLICATE_METHOD_MATCH = YES;
				CODE_SIGN_IDENTITY = "iPhone Developer";
				COPY_PHASE_STRIP = NO;
				DEBUG_INFORMATION_FORMAT = "dwarf-with-dsym";
				ENABLE_NS_ASSERTIONS = NO;
				ENABLE_STRICT_OBJC_MSGSEND = YES;
				GCC_C_LANGUAGE_STANDARD = gnu11;
				GCC_NO_COMMON_BLOCKS = YES;
				GCC_WARN_64_TO_32_BIT_CONVERSION = YES;
				GCC_WARN_ABOUT_RETURN_TYPE = YES_ERROR;
				GCC_WARN_UNDECLARED_SELECTOR = YES;
				GCC_WARN_UNINITIALIZED_AUTOS = YES_AGGRESSIVE;
				GCC_WARN_UNUSED_FUNCTION = YES;
				GCC_WARN_UNUSED_VARIABLE = YES;
				IPHONEOS_DEPLOYMENT_TARGET = 11.2;
				MTL_ENABLE_DEBUG_INFO = NO;
				SDKROOT = iphoneos;
				SWIFT_OPTIMIZATION_LEVEL = "-Owholemodule";
				VALIDATE_PRODUCT = YES;
			};
			name = Release;
		};
		A7F5F9D920608CD500F2CF0A /* Debug */ = {
			isa = XCBuildConfiguration;
			buildSettings = {
				ASSETCATALOG_COMPILER_APPICON_NAME = AppIcon;
				CODE_SIGN_STYLE = Automatic;
				DEVELOPMENT_TEAM = 2BULHRS882;
				INFOPLIST_FILE = Photorama/Info.plist;
				LD_RUNPATH_SEARCH_PATHS = "$(inherited) @executable_path/Frameworks";
				PRODUCT_BUNDLE_IDENTIFIER = ca.centennialcollege.Photorama;
				PRODUCT_NAME = "$(TARGET_NAME)";
				SWIFT_VERSION = 4.0;
				TARGETED_DEVICE_FAMILY = "1,2";
			};
			name = Debug;
		};
		A7F5F9DA20608CD500F2CF0A /* Release */ = {
			isa = XCBuildConfiguration;
			buildSettings = {
				ASSETCATALOG_COMPILER_APPICON_NAME = AppIcon;
				CODE_SIGN_STYLE = Automatic;
				DEVELOPMENT_TEAM = 2BULHRS882;
				INFOPLIST_FILE = Photorama/Info.plist;
				LD_RUNPATH_SEARCH_PATHS = "$(inherited) @executable_path/Frameworks";
				PRODUCT_BUNDLE_IDENTIFIER = ca.centennialcollege.Photorama;
				PRODUCT_NAME = "$(TARGET_NAME)";
				SWIFT_VERSION = 4.0;
				TARGETED_DEVICE_FAMILY = "1,2";
			};
			name = Release;
		};
		A7F5F9DC20608CD500F2CF0A /* Debug */ = {
			isa = XCBuildConfiguration;
			buildSettings = {
				ALWAYS_EMBED_SWIFT_STANDARD_LIBRARIES = YES;
				BUNDLE_LOADER = "$(TEST_HOST)";
				CODE_SIGN_STYLE = Automatic;
				DEVELOPMENT_TEAM = 2BULHRS882;
				INFOPLIST_FILE = PhotoramaTests/Info.plist;
				LD_RUNPATH_SEARCH_PATHS = "$(inherited) @executable_path/Frameworks @loader_path/Frameworks";
				PRODUCT_BUNDLE_IDENTIFIER = ca.centennialcollege.PhotoramaTests;
				PRODUCT_NAME = "$(TARGET_NAME)";
				SWIFT_VERSION = 4.0;
				TARGETED_DEVICE_FAMILY = "1,2";
				TEST_HOST = "$(BUILT_PRODUCTS_DIR)/Photorama.app/Photorama";
			};
			name = Debug;
		};
		A7F5F9DD20608CD500F2CF0A /* Release */ = {
			isa = XCBuildConfiguration;
			buildSettings = {
				ALWAYS_EMBED_SWIFT_STANDARD_LIBRARIES = YES;
				BUNDLE_LOADER = "$(TEST_HOST)";
				CODE_SIGN_STYLE = Automatic;
				DEVELOPMENT_TEAM = 2BULHRS882;
				INFOPLIST_FILE = PhotoramaTests/Info.plist;
				LD_RUNPATH_SEARCH_PATHS = "$(inherited) @executable_path/Frameworks @loader_path/Frameworks";
				PRODUCT_BUNDLE_IDENTIFIER = ca.centennialcollege.PhotoramaTests;
				PRODUCT_NAME = "$(TARGET_NAME)";
				SWIFT_VERSION = 4.0;
				TARGETED_DEVICE_FAMILY = "1,2";
				TEST_HOST = "$(BUILT_PRODUCTS_DIR)/Photorama.app/Photorama";
			};
			name = Release;
		};
		A7F5F9DF20608CD500F2CF0A /* Debug */ = {
			isa = XCBuildConfiguration;
			buildSettings = {
				ALWAYS_EMBED_SWIFT_STANDARD_LIBRARIES = YES;
				CODE_SIGN_STYLE = Automatic;
				DEVELOPMENT_TEAM = 2BULHRS882;
				INFOPLIST_FILE = PhotoramaUITests/Info.plist;
				LD_RUNPATH_SEARCH_PATHS = "$(inherited) @executable_path/Frameworks @loader_path/Frameworks";
				PRODUCT_BUNDLE_IDENTIFIER = ca.centennialcollege.PhotoramaUITests;
				PRODUCT_NAME = "$(TARGET_NAME)";
				SWIFT_VERSION = 4.0;
				TARGETED_DEVICE_FAMILY = "1,2";
				TEST_TARGET_NAME = Photorama;
			};
			name = Debug;
		};
		A7F5F9E020608CD500F2CF0A /* Release */ = {
			isa = XCBuildConfiguration;
			buildSettings = {
				ALWAYS_EMBED_SWIFT_STANDARD_LIBRARIES = YES;
				CODE_SIGN_STYLE = Automatic;
				DEVELOPMENT_TEAM = 2BULHRS882;
				INFOPLIST_FILE = PhotoramaUITests/Info.plist;
				LD_RUNPATH_SEARCH_PATHS = "$(inherited) @executable_path/Frameworks @loader_path/Frameworks";
				PRODUCT_BUNDLE_IDENTIFIER = ca.centennialcollege.PhotoramaUITests;
				PRODUCT_NAME = "$(TARGET_NAME)";
				SWIFT_VERSION = 4.0;
				TARGETED_DEVICE_FAMILY = "1,2";
				TEST_TARGET_NAME = Photorama;
			};
			name = Release;
		};
/* End XCBuildConfiguration section */

/* Begin XCConfigurationList section */
		A7F5F9AB20608CD400F2CF0A /* Build configuration list for PBXProject "Photorama" */ = {
			isa = XCConfigurationList;
			buildConfigurations = (
				A7F5F9D620608CD500F2CF0A /* Debug */,
				A7F5F9D720608CD500F2CF0A /* Release */,
			);
			defaultConfigurationIsVisible = 0;
			defaultConfigurationName = Release;
		};
		A7F5F9D820608CD500F2CF0A /* Build configuration list for PBXNativeTarget "Photorama" */ = {
			isa = XCConfigurationList;
			buildConfigurations = (
				A7F5F9D920608CD500F2CF0A /* Debug */,
				A7F5F9DA20608CD500F2CF0A /* Release */,
			);
			defaultConfigurationIsVisible = 0;
			defaultConfigurationName = Release;
		};
		A7F5F9DB20608CD500F2CF0A /* Build configuration list for PBXNativeTarget "PhotoramaTests" */ = {
			isa = XCConfigurationList;
			buildConfigurations = (
				A7F5F9DC20608CD500F2CF0A /* Debug */,
				A7F5F9DD20608CD500F2CF0A /* Release */,
			);
			defaultConfigurationIsVisible = 0;
			defaultConfigurationName = Release;
		};
		A7F5F9DE20608CD500F2CF0A /* Build configuration list for PBXNativeTarget "PhotoramaUITests" */ = {
			isa = XCConfigurationList;
			buildConfigurations = (
				A7F5F9DF20608CD500F2CF0A /* Debug */,
				A7F5F9E020608CD500F2CF0A /* Release */,
			);
			defaultConfigurationIsVisible = 0;
			defaultConfigurationName = Release;
		};
/* End XCConfigurationList section */
	};
	rootObject = A7F5F9A820608CD400F2CF0A /* Project object */;
}
